
Microsoft Visual Studio Solution File, Format Version 12.00
# Visual Studio Version 17
VisualStudioVersion = 17.0.31903.59
MinimumVisualStudioVersion = 10.0.40219.1
Project("{FAE04EC0-301F-11D3-BF4B-00C04F79EFBC}") = "RightSize", "RightSize\RightSize.csproj", "{ADAAFDE4-DACB-47E8-A03E-C5044CE4C8B2}"
EndProject
Project("{FAE04EC0-301F-11D3-BF4B-00C04F79EFBC}") = "ChangeString", "ChangeString\ChangeString.csproj", "{8B1CFFBC-03CD-477F-9E9A-DFCFA57E306C}"
EndProject
Project("{FAE04EC0-301F-11D3-BF4B-00C04F79EFBC}") = "ArrayMul", "ArrayMul\ArrayMul.csproj", "{B808EF06-E763-4DAD-86A7-B83D475A5BF2}"
EndProject
Global
	GlobalSection(SolutionConfigurationPlatforms) = preSolution
		Debug|Any CPU = Debug|Any CPU
		Release|Any CPU = Release|Any CPU
	EndGlobalSection
	GlobalSection(SolutionProperties) = preSolution
		HideSolutionNode = FALSE
	EndGlobalSection
	GlobalSection(ProjectConfigurationPlatforms) = postSolution
		{ADAAFDE4-DACB-47E8-A03E-C5044CE4C8B2}.Debug|Any CPU.ActiveCfg = Debug|Any CPU
		{ADAAFDE4-DACB-47E8-A03E-C5044CE4C8B2}.Debug|Any CPU.Build.0 = Debug|Any CPU
		{ADAAFDE4-DACB-47E8-A03E-C5044CE4C8B2}.Release|Any CPU.ActiveCfg = Release|Any CPU
		{ADAAFDE4-DACB-47E8-A03E-C5044CE4C8B2}.Release|Any CPU.Build.0 = Release|Any CPU
		{8B1CFFBC-03CD-477F-9E9A-DFCFA57E306C}.Debug|Any CPU.ActiveCfg = Debug|Any CPU
		{8B1CFFBC-03CD-477F-9E9A-DFCFA57E306C}.Debug|Any CPU.Build.0 = Debug|Any CPU
		{8B1CFFBC-03CD-477F-9E9A-DFCFA57E306C}.Release|Any CPU.ActiveCfg = Release|Any CPU
		{8B1CFFBC-03CD-477F-9E9A-DFCFA57E306C}.Release|Any CPU.Build.0 = Release|Any CPU
		{B808EF06-E763-4DAD-86A7-B83D475A5BF2}.Debug|Any CPU.ActiveCfg = Debug|Any CPU
		{B808EF06-E763-4DAD-86A7-B83D475A5BF2}.Debug|Any CPU.Build.0 = Debug|Any CPU
		{B808EF06-E763-4DAD-86A7-B83D475A5BF2}.Release|Any CPU.ActiveCfg = Release|Any CPU
		{B808EF06-E763-4DAD-86A7-B83D475A5BF2}.Release|Any CPU.Build.0 = Release|Any CPU
	EndGlobalSection
EndGlobal
