
Microsoft Visual Studio Solution File, Format Version 12.00
# Visual Studio Version 17
VisualStudioVersion = 17.0.31903.59
MinimumVisualStudioVersion = 10.0.40219.1
Project("{FAE04EC0-301F-11D3-BF4B-00C04F79EFBC}") = "RightSize", "RightSize\RightSize.csproj", "{ADAAFDE4-DACB-47E8-A03E-C5044CE4C8B2}"
EndProject
Project("{FAE04EC0-301F-11D3-BF4B-00C04F79EFBC}") = "ChangeString", "ChangeString\ChangeString.csproj", "{8B1CFFBC-03CD-477F-9E9A-DFCFA57E306C}"
EndProject
Project("{FAE04EC0-301F-11D3-BF4B-00C04F79EFBC}") = "ArrayMul", "ArrayMul\ArrayMul.csproj", "{B808EF06-E763-4DAD-86A7-B83D475A5BF2}"
EndProject
Project("{FAE04EC0-301F-11D3-BF4B-00C04F79EFBC}") = "HeroPerk", "HeroPerk\HeroPerk.csproj", "{BD3BB245-E143-4F08-A627-8AFA793B5CE6}"
EndProject
Project("{FAE04EC0-301F-11D3-BF4B-00C04F79EFBC}") = "Pow2Until", "Pow2Until\Pow2Until.csproj", "{911F2D74-8C1A-49FC-919B-D52F79FE1E6D}"
EndProject
Project("{FAE04EC0-301F-11D3-BF4B-00C04F79EFBC}") = "FamousQuotes", "FamousQuotes\FamousQuotes.csproj", "{6647807C-EDD8-4EF5-AC03-3C4A74B1F37F}"
EndProject
Project("{FAE04EC0-301F-11D3-BF4B-00C04F79EFBC}") = "RoPaSci", "RoPaSci\RoPaSci.csproj", "{703BB707-E31C-4D40-899D-738AE0824829}"
EndProject
Global
	GlobalSection(SolutionConfigurationPlatforms) = preSolution
		Debug|Any CPU = Debug|Any CPU
		Release|Any CPU = Release|Any CPU
	EndGlobalSection
	GlobalSection(SolutionProperties) = preSolution
		HideSolutionNode = FALSE
	EndGlobalSection
	GlobalSection(ProjectConfigurationPlatforms) = postSolution
		{ADAAFDE4-DACB-47E8-A03E-C5044CE4C8B2}.Debug|Any CPU.ActiveCfg = Debug|Any CPU
		{ADAAFDE4-DACB-47E8-A03E-C5044CE4C8B2}.Debug|Any CPU.Build.0 = Debug|Any CPU
		{ADAAFDE4-DACB-47E8-A03E-C5044CE4C8B2}.Release|Any CPU.ActiveCfg = Release|Any CPU
		{ADAAFDE4-DACB-47E8-A03E-C5044CE4C8B2}.Release|Any CPU.Build.0 = Release|Any CPU
		{8B1CFFBC-03CD-477F-9E9A-DFCFA57E306C}.Debug|Any CPU.ActiveCfg = Debug|Any CPU
		{8B1CFFBC-03CD-477F-9E9A-DFCFA57E306C}.Debug|Any CPU.Build.0 = Debug|Any CPU
		{8B1CFFBC-03CD-477F-9E9A-DFCFA57E306C}.Release|Any CPU.ActiveCfg = Release|Any CPU
		{8B1CFFBC-03CD-477F-9E9A-DFCFA57E306C}.Release|Any CPU.Build.0 = Release|Any CPU
		{B808EF06-E763-4DAD-86A7-B83D475A5BF2}.Debug|Any CPU.ActiveCfg = Debug|Any CPU
		{B808EF06-E763-4DAD-86A7-B83D475A5BF2}.Debug|Any CPU.Build.0 = Debug|Any CPU
		{B808EF06-E763-4DAD-86A7-B83D475A5BF2}.Release|Any CPU.ActiveCfg = Release|Any CPU
		{B808EF06-E763-4DAD-86A7-B83D475A5BF2}.Release|Any CPU.Build.0 = Release|Any CPU
		{BD3BB245-E143-4F08-A627-8AFA793B5CE6}.Debug|Any CPU.ActiveCfg = Debug|Any CPU
		{BD3BB245-E143-4F08-A627-8AFA793B5CE6}.Debug|Any CPU.Build.0 = Debug|Any CPU
		{BD3BB245-E143-4F08-A627-8AFA793B5CE6}.Release|Any CPU.ActiveCfg = Release|Any CPU
		{BD3BB245-E143-4F08-A627-8AFA793B5CE6}.Release|Any CPU.Build.0 = Release|Any CPU
		{911F2D74-8C1A-49FC-919B-D52F79FE1E6D}.Debug|Any CPU.ActiveCfg = Debug|Any CPU
		{911F2D74-8C1A-49FC-919B-D52F79FE1E6D}.Debug|Any CPU.Build.0 = Debug|Any CPU
		{911F2D74-8C1A-49FC-919B-D52F79FE1E6D}.Release|Any CPU.ActiveCfg = Release|Any CPU
		{911F2D74-8C1A-49FC-919B-D52F79FE1E6D}.Release|Any CPU.Build.0 = Release|Any CPU
		{6647807C-EDD8-4EF5-AC03-3C4A74B1F37F}.Debug|Any CPU.ActiveCfg = Debug|Any CPU
		{6647807C-EDD8-4EF5-AC03-3C4A74B1F37F}.Debug|Any CPU.Build.0 = Debug|Any CPU
		{6647807C-EDD8-4EF5-AC03-3C4A74B1F37F}.Release|Any CPU.ActiveCfg = Release|Any CPU
		{6647807C-EDD8-4EF5-AC03-3C4A74B1F37F}.Release|Any CPU.Build.0 = Release|Any CPU
		{703BB707-E31C-4D40-899D-738AE0824829}.Debug|Any CPU.ActiveCfg = Debug|Any CPU
		{703BB707-E31C-4D40-899D-738AE0824829}.Debug|Any CPU.Build.0 = Debug|Any CPU
		{703BB707-E31C-4D40-899D-738AE0824829}.Release|Any CPU.ActiveCfg = Release|Any CPU
		{703BB707-E31C-4D40-899D-738AE0824829}.Release|Any CPU.Build.0 = Release|Any CPU
	EndGlobalSection
EndGlobal
